
Microsoft Visual Studio Solution File, Format Version 12.00
# Visual Studio Version 16
VisualStudioVersion = 16.0.29519.87
MinimumVisualStudioVersion = 10.0.40219.1
Project("{FAE04EC0-301F-11D3-BF4B-00C04F79EFBC}") = "Stager", "Stager\Stager.csproj", "{7E9CCC88-7EE7-4383-856A-33A544B2DBC3}"
EndProject
Project("{FAE04EC0-301F-11D3-BF4B-00C04F79EFBC}") = "InjectTestTester", "InjectTestTester\InjectTestTester.csproj", "{9427827A-840C-4D73-BB58-E86796826DA5}"
EndProject
Project("{9A19103F-16F7-4668-BE54-9A1E7A4F7556}") = "DirectoryTraversal", "DirectoryTraversal\DirectoryTraversal\DirectoryTraversal.csproj", "{B44A8E91-7E2B-498B-9658-D72274E8CC6D}"
EndProject
Project("{9A19103F-16F7-4668-BE54-9A1E7A4F7556}") = "Terminal", "Terminal\Terminal.csproj", "{016D241C-66C6-48E5-8C9C-4AF64C57FF4C}"
EndProject
Project("{9A19103F-16F7-4668-BE54-9A1E7A4F7556}") = "CommChannels", "CommChannels\CommChannels.csproj", "{0B2BA472-9952-42F1-ACEF-109B4CEE494E}"
EndProject
Project("{FAE04EC0-301F-11D3-BF4B-00C04F79EFBC}") = "CommTestServer", "CommTestServer\CommTestServer.csproj", "{0EB302B4-7C91-4298-9123-157A50627C4F}"
EndProject
Project("{FAE04EC0-301F-11D3-BF4B-00C04F79EFBC}") = "CommTestClient", "CommTestClient\CommTestClient.csproj", "{677B732B-4081-48C5-A696-2058262A0EAC}"
EndProject
Project("{9A19103F-16F7-4668-BE54-9A1E7A4F7556}") = "TerminalServer", "TerminalServer\TerminalServer.csproj", "{9CADA016-476A-4CE2-9667-65F545736F11}"
EndProject
Project("{9A19103F-16F7-4668-BE54-9A1E7A4F7556}") = "Utilities", "Utilities\Utilities.csproj", "{69E9635F-37E4-47D7-B702-4B7C871CDF67}"
EndProject
Project("{FAE04EC0-301F-11D3-BF4B-00C04F79EFBC}") = "TerminalTest", "TerminalTest\TerminalTest.csproj", "{145452DF-7CF6-4F16-9B43-01E7B8E966D3}"
EndProject
Project("{9A19103F-16F7-4668-BE54-9A1E7A4F7556}") = "UtilityTest", "UtilityTest\UtilityTest.csproj", "{601DDB05-D3F7-4051-BA6D-A06D091B0DAE}"
EndProject
Global
	GlobalSection(SolutionConfigurationPlatforms) = preSolution
		Debug|Any CPU = Debug|Any CPU
		Release|Any CPU = Release|Any CPU
	EndGlobalSection
	GlobalSection(ProjectConfigurationPlatforms) = postSolution
		{7E9CCC88-7EE7-4383-856A-33A544B2DBC3}.Debug|Any CPU.ActiveCfg = Debug|Any CPU
		{7E9CCC88-7EE7-4383-856A-33A544B2DBC3}.Debug|Any CPU.Build.0 = Debug|Any CPU
		{7E9CCC88-7EE7-4383-856A-33A544B2DBC3}.Release|Any CPU.ActiveCfg = Release|Any CPU
		{7E9CCC88-7EE7-4383-856A-33A544B2DBC3}.Release|Any CPU.Build.0 = Release|Any CPU
		{9427827A-840C-4D73-BB58-E86796826DA5}.Debug|Any CPU.ActiveCfg = Debug|Any CPU
		{9427827A-840C-4D73-BB58-E86796826DA5}.Debug|Any CPU.Build.0 = Debug|Any CPU
		{9427827A-840C-4D73-BB58-E86796826DA5}.Release|Any CPU.ActiveCfg = Release|Any CPU
		{9427827A-840C-4D73-BB58-E86796826DA5}.Release|Any CPU.Build.0 = Release|Any CPU
		{B44A8E91-7E2B-498B-9658-D72274E8CC6D}.Debug|Any CPU.ActiveCfg = Debug|Any CPU
		{B44A8E91-7E2B-498B-9658-D72274E8CC6D}.Debug|Any CPU.Build.0 = Debug|Any CPU
		{B44A8E91-7E2B-498B-9658-D72274E8CC6D}.Release|Any CPU.ActiveCfg = Release|Any CPU
		{B44A8E91-7E2B-498B-9658-D72274E8CC6D}.Release|Any CPU.Build.0 = Release|Any CPU
		{016D241C-66C6-48E5-8C9C-4AF64C57FF4C}.Debug|Any CPU.ActiveCfg = Debug|Any CPU
		{016D241C-66C6-48E5-8C9C-4AF64C57FF4C}.Debug|Any CPU.Build.0 = Debug|Any CPU
		{016D241C-66C6-48E5-8C9C-4AF64C57FF4C}.Release|Any CPU.ActiveCfg = Release|Any CPU
		{016D241C-66C6-48E5-8C9C-4AF64C57FF4C}.Release|Any CPU.Build.0 = Release|Any CPU
		{0B2BA472-9952-42F1-ACEF-109B4CEE494E}.Debug|Any CPU.ActiveCfg = Debug|Any CPU
		{0B2BA472-9952-42F1-ACEF-109B4CEE494E}.Debug|Any CPU.Build.0 = Debug|Any CPU
		{0B2BA472-9952-42F1-ACEF-109B4CEE494E}.Release|Any CPU.ActiveCfg = Release|Any CPU
		{0B2BA472-9952-42F1-ACEF-109B4CEE494E}.Release|Any CPU.Build.0 = Release|Any CPU
		{0EB302B4-7C91-4298-9123-157A50627C4F}.Debug|Any CPU.ActiveCfg = Debug|Any CPU
		{0EB302B4-7C91-4298-9123-157A50627C4F}.Debug|Any CPU.Build.0 = Debug|Any CPU
		{0EB302B4-7C91-4298-9123-157A50627C4F}.Release|Any CPU.ActiveCfg = Release|Any CPU
		{0EB302B4-7C91-4298-9123-157A50627C4F}.Release|Any CPU.Build.0 = Release|Any CPU
		{677B732B-4081-48C5-A696-2058262A0EAC}.Debug|Any CPU.ActiveCfg = Debug|Any CPU
		{677B732B-4081-48C5-A696-2058262A0EAC}.Debug|Any CPU.Build.0 = Debug|Any CPU
		{677B732B-4081-48C5-A696-2058262A0EAC}.Release|Any CPU.ActiveCfg = Release|Any CPU
		{677B732B-4081-48C5-A696-2058262A0EAC}.Release|Any CPU.Build.0 = Release|Any CPU
		{9CADA016-476A-4CE2-9667-65F545736F11}.Debug|Any CPU.ActiveCfg = Debug|Any CPU
		{9CADA016-476A-4CE2-9667-65F545736F11}.Debug|Any CPU.Build.0 = Debug|Any CPU
		{9CADA016-476A-4CE2-9667-65F545736F11}.Release|Any CPU.ActiveCfg = Release|Any CPU
		{9CADA016-476A-4CE2-9667-65F545736F11}.Release|Any CPU.Build.0 = Release|Any CPU
		{69E9635F-37E4-47D7-B702-4B7C871CDF67}.Debug|Any CPU.ActiveCfg = Debug|Any CPU
		{69E9635F-37E4-47D7-B702-4B7C871CDF67}.Debug|Any CPU.Build.0 = Debug|Any CPU
		{69E9635F-37E4-47D7-B702-4B7C871CDF67}.Release|Any CPU.ActiveCfg = Release|Any CPU
		{69E9635F-37E4-47D7-B702-4B7C871CDF67}.Release|Any CPU.Build.0 = Release|Any CPU
		{145452DF-7CF6-4F16-9B43-01E7B8E966D3}.Debug|Any CPU.ActiveCfg = Debug|Any CPU
		{145452DF-7CF6-4F16-9B43-01E7B8E966D3}.Debug|Any CPU.Build.0 = Debug|Any CPU
		{145452DF-7CF6-4F16-9B43-01E7B8E966D3}.Release|Any CPU.ActiveCfg = Release|Any CPU
		{145452DF-7CF6-4F16-9B43-01E7B8E966D3}.Release|Any CPU.Build.0 = Release|Any CPU
		{601DDB05-D3F7-4051-BA6D-A06D091B0DAE}.Debug|Any CPU.ActiveCfg = Debug|Any CPU
		{601DDB05-D3F7-4051-BA6D-A06D091B0DAE}.Debug|Any CPU.Build.0 = Debug|Any CPU
		{601DDB05-D3F7-4051-BA6D-A06D091B0DAE}.Release|Any CPU.ActiveCfg = Release|Any CPU
		{601DDB05-D3F7-4051-BA6D-A06D091B0DAE}.Release|Any CPU.Build.0 = Release|Any CPU
	EndGlobalSection
	GlobalSection(SolutionProperties) = preSolution
		HideSolutionNode = FALSE
	EndGlobalSection
	GlobalSection(ExtensibilityGlobals) = postSolution
		SolutionGuid = {BCF2388A-7935-4D85-8FE1-483D4A9AEC1B}
	EndGlobalSection
EndGlobal
